
Microsoft Visual Studio Solution File, Format Version 12.00
# Visual Studio 2012
Project("{FAE04EC0-301F-11D3-BF4B-00C04F79EFBC}") = "MathObjects.Framework", "MathObjects.Framework\MathObjects.Framework.csproj", "{C46253F0-D62A-4FFA-9384-1F8BBDE4EB24}"
EndProject
Project("{FAE04EC0-301F-11D3-BF4B-00C04F79EFBC}") = "MathObjects.Framework.Tests", "MathObjects.Framework.Tests\MathObjects.Framework.Tests.csproj", "{8CA21855-4056-4609-B146-CCB081194C35}"
EndProject
Project("{FAE04EC0-301F-11D3-BF4B-00C04F79EFBC}") = "MathObjects.Framework.Registry", "MathObjects.Framework.Registry\MathObjects.Framework.Registry.csproj", "{F0D702FD-2C0C-4F45-82CE-B52B87F8737D}"
EndProject
Project("{2150E333-8FDC-42A3-9474-1A3956D46DE8}") = "Plugins", "Plugins", "{295A1E02-D42E-406A-829E-1359F647F3CC}"
EndProject
Project("{FAE04EC0-301F-11D3-BF4B-00C04F79EFBC}") = "MathObjects.Plugin.Integers", "MathObjects.Plugin.Integers\MathObjects.Plugin.Integers.csproj", "{4AFB86A7-5672-48A6-94CA-DE42958C64A0}"
EndProject
Project("{FAE04EC0-301F-11D3-BF4B-00C04F79EFBC}") = "MathObjects.Plugin.Integers.Tests", "MathObjects.Plugin.Integers.Tests\MathObjects.Plugin.Integers.Tests.csproj", "{B53A4EBD-2718-444A-B6B1-E6EA5ADD0284}"
EndProject
Project("{FAE04EC0-301F-11D3-BF4B-00C04F79EFBC}") = "MathObjects.Plugin.Rational", "MathObjects.Plugin.Rational\MathObjects.Plugin.Rational.csproj", "{40690EE5-99DD-4119-9F51-F9F17ED747ED}"
EndProject
Project("{FAE04EC0-301F-11D3-BF4B-00C04F79EFBC}") = "MathObjects.Plugin.Rational.Tests", "MathObjects.Plugin.Rational.Tests\MathObjects.Plugin.Rational.Tests.csproj", "{F803B351-B368-4772-A2F4-0FA7E9FC1D12}"
EndProject
Project("{FAE04EC0-301F-11D3-BF4B-00C04F79EFBC}") = "MathObjects.Plugin.Symmetric", "MathObjects.Plugin.Symmetric\MathObjects.Plugin.Symmetric.csproj", "{1CE2F135-C483-44EF-B9B4-97C737B47CE9}"
EndProject
Project("{2150E333-8FDC-42A3-9474-1A3956D46DE8}") = "UI", "UI", "{20DDEC8F-C633-44AC-8333-A20BFADD614B}"
EndProject
Project("{FAE04EC0-301F-11D3-BF4B-00C04F79EFBC}") = "MathObjects.UI", "MathObjects.UI\MathObjects.UI.csproj", "{1F6180CD-5C6F-4752-A806-A6453151C7CE}"
EndProject
Project("{FAE04EC0-301F-11D3-BF4B-00C04F79EFBC}") = "MathObjects.UI.Input", "MathObjects.UI.Input\MathObjects.UI.Input.csproj", "{217CE7CC-8BDF-4732-90BC-A6D4876DA24C}"
EndProject
Project("{FAE04EC0-301F-11D3-BF4B-00C04F79EFBC}") = "MathObjects.UI.Mediator", "MathObjects.UI.Mediator\MathObjects.UI.Mediator.csproj", "{DBF1DFB8-00DA-4DA3-AC10-B2ED595BD298}"
EndProject
Project("{FAE04EC0-301F-11D3-BF4B-00C04F79EFBC}") = "MathObjects.UI.Stack", "MathObjects.UI.Stack\MathObjects.UI.Stack.csproj", "{D9410118-5AF2-4027-907D-8845F2D2F6C4}"
EndProject
Project("{FAE04EC0-301F-11D3-BF4B-00C04F79EFBC}") = "MathObjects.UI.Widgets", "MathObjects.UI.Widgets\MathObjects.UI.Widgets.csproj", "{AC6DC7D6-5AA4-4AE0-9B64-82DF2B9E57BD}"
EndProject
Project("{2150E333-8FDC-42A3-9474-1A3956D46DE8}") = "Core", "Core", "{5B32A6B6-8B51-4B4F-A7A0-C81BFEBDF172}"
EndProject
Project("{FAE04EC0-301F-11D3-BF4B-00C04F79EFBC}") = "MathObjects.Core.Matrix", "MathObjects.Core.Matrix\MathObjects.Core.Matrix.csproj", "{6CE715BF-C2F7-4078-98D0-3B6F605B6AC9}"
EndProject
Project("{FAE04EC0-301F-11D3-BF4B-00C04F79EFBC}") = "MathObjects.Core.Plugin", "MathObjects.Core.Plugin\MathObjects.Core.Plugin.csproj", "{DE8FC63B-1B2B-4A04-9A88-3AA3CD1EB456}"
EndProject
Project("{FAE04EC0-301F-11D3-BF4B-00C04F79EFBC}") = "MathObjects.Core.Matrix.Tests", "MathObjects.Core.Matrix.Tests\MathObjects.Core.Matrix.Tests.csproj", "{9BEDCE07-4FB4-49AF-A2BE-D4F0F79F8141}"
EndProject
Global
	GlobalSection(SolutionConfigurationPlatforms) = preSolution
		Debug|Any CPU = Debug|Any CPU
		Release|Any CPU = Release|Any CPU
	EndGlobalSection
	GlobalSection(ProjectConfigurationPlatforms) = postSolution
		{1CE2F135-C483-44EF-B9B4-97C737B47CE9}.Debug|Any CPU.ActiveCfg = Debug|Any CPU
		{1CE2F135-C483-44EF-B9B4-97C737B47CE9}.Debug|Any CPU.Build.0 = Debug|Any CPU
		{1CE2F135-C483-44EF-B9B4-97C737B47CE9}.Release|Any CPU.ActiveCfg = Release|Any CPU
		{1CE2F135-C483-44EF-B9B4-97C737B47CE9}.Release|Any CPU.Build.0 = Release|Any CPU
		{1F6180CD-5C6F-4752-A806-A6453151C7CE}.Debug|Any CPU.ActiveCfg = Debug|Any CPU
		{1F6180CD-5C6F-4752-A806-A6453151C7CE}.Debug|Any CPU.Build.0 = Debug|Any CPU
		{1F6180CD-5C6F-4752-A806-A6453151C7CE}.Release|Any CPU.ActiveCfg = Release|Any CPU
		{1F6180CD-5C6F-4752-A806-A6453151C7CE}.Release|Any CPU.Build.0 = Release|Any CPU
		{217CE7CC-8BDF-4732-90BC-A6D4876DA24C}.Debug|Any CPU.ActiveCfg = Debug|Any CPU
		{217CE7CC-8BDF-4732-90BC-A6D4876DA24C}.Debug|Any CPU.Build.0 = Debug|Any CPU
		{217CE7CC-8BDF-4732-90BC-A6D4876DA24C}.Release|Any CPU.ActiveCfg = Release|Any CPU
		{217CE7CC-8BDF-4732-90BC-A6D4876DA24C}.Release|Any CPU.Build.0 = Release|Any CPU
		{40690EE5-99DD-4119-9F51-F9F17ED747ED}.Debug|Any CPU.ActiveCfg = Debug|Any CPU
		{40690EE5-99DD-4119-9F51-F9F17ED747ED}.Debug|Any CPU.Build.0 = Debug|Any CPU
		{40690EE5-99DD-4119-9F51-F9F17ED747ED}.Release|Any CPU.ActiveCfg = Release|Any CPU
		{40690EE5-99DD-4119-9F51-F9F17ED747ED}.Release|Any CPU.Build.0 = Release|Any CPU
		{4AFB86A7-5672-48A6-94CA-DE42958C64A0}.Debug|Any CPU.ActiveCfg = Debug|Any CPU
		{4AFB86A7-5672-48A6-94CA-DE42958C64A0}.Debug|Any CPU.Build.0 = Debug|Any CPU
		{4AFB86A7-5672-48A6-94CA-DE42958C64A0}.Release|Any CPU.ActiveCfg = Release|Any CPU
		{4AFB86A7-5672-48A6-94CA-DE42958C64A0}.Release|Any CPU.Build.0 = Release|Any CPU
		{6CE715BF-C2F7-4078-98D0-3B6F605B6AC9}.Debug|Any CPU.ActiveCfg = Debug|Any CPU
		{6CE715BF-C2F7-4078-98D0-3B6F605B6AC9}.Debug|Any CPU.Build.0 = Debug|Any CPU
		{6CE715BF-C2F7-4078-98D0-3B6F605B6AC9}.Release|Any CPU.ActiveCfg = Release|Any CPU
		{6CE715BF-C2F7-4078-98D0-3B6F605B6AC9}.Release|Any CPU.Build.0 = Release|Any CPU
		{8CA21855-4056-4609-B146-CCB081194C35}.Debug|Any CPU.ActiveCfg = Debug|Any CPU
		{8CA21855-4056-4609-B146-CCB081194C35}.Debug|Any CPU.Build.0 = Debug|Any CPU
		{8CA21855-4056-4609-B146-CCB081194C35}.Release|Any CPU.ActiveCfg = Release|Any CPU
		{8CA21855-4056-4609-B146-CCB081194C35}.Release|Any CPU.Build.0 = Release|Any CPU
		{9BEDCE07-4FB4-49AF-A2BE-D4F0F79F8141}.Debug|Any CPU.ActiveCfg = Debug|Any CPU
		{9BEDCE07-4FB4-49AF-A2BE-D4F0F79F8141}.Debug|Any CPU.Build.0 = Debug|Any CPU
		{9BEDCE07-4FB4-49AF-A2BE-D4F0F79F8141}.Release|Any CPU.ActiveCfg = Release|Any CPU
		{9BEDCE07-4FB4-49AF-A2BE-D4F0F79F8141}.Release|Any CPU.Build.0 = Release|Any CPU
		{AC6DC7D6-5AA4-4AE0-9B64-82DF2B9E57BD}.Debug|Any CPU.ActiveCfg = Debug|Any CPU
		{AC6DC7D6-5AA4-4AE0-9B64-82DF2B9E57BD}.Debug|Any CPU.Build.0 = Debug|Any CPU
		{AC6DC7D6-5AA4-4AE0-9B64-82DF2B9E57BD}.Release|Any CPU.ActiveCfg = Release|Any CPU
		{AC6DC7D6-5AA4-4AE0-9B64-82DF2B9E57BD}.Release|Any CPU.Build.0 = Release|Any CPU
		{B53A4EBD-2718-444A-B6B1-E6EA5ADD0284}.Debug|Any CPU.ActiveCfg = Debug|Any CPU
		{B53A4EBD-2718-444A-B6B1-E6EA5ADD0284}.Debug|Any CPU.Build.0 = Debug|Any CPU
		{B53A4EBD-2718-444A-B6B1-E6EA5ADD0284}.Release|Any CPU.ActiveCfg = Release|Any CPU
		{B53A4EBD-2718-444A-B6B1-E6EA5ADD0284}.Release|Any CPU.Build.0 = Release|Any CPU
		{C46253F0-D62A-4FFA-9384-1F8BBDE4EB24}.Debug|Any CPU.ActiveCfg = Debug|Any CPU
		{C46253F0-D62A-4FFA-9384-1F8BBDE4EB24}.Debug|Any CPU.Build.0 = Debug|Any CPU
		{C46253F0-D62A-4FFA-9384-1F8BBDE4EB24}.Release|Any CPU.ActiveCfg = Release|Any CPU
		{C46253F0-D62A-4FFA-9384-1F8BBDE4EB24}.Release|Any CPU.Build.0 = Release|Any CPU
		{D9410118-5AF2-4027-907D-8845F2D2F6C4}.Debug|Any CPU.ActiveCfg = Debug|Any CPU
		{D9410118-5AF2-4027-907D-8845F2D2F6C4}.Debug|Any CPU.Build.0 = Debug|Any CPU
		{D9410118-5AF2-4027-907D-8845F2D2F6C4}.Release|Any CPU.ActiveCfg = Release|Any CPU
		{D9410118-5AF2-4027-907D-8845F2D2F6C4}.Release|Any CPU.Build.0 = Release|Any CPU
		{DBF1DFB8-00DA-4DA3-AC10-B2ED595BD298}.Debug|Any CPU.ActiveCfg = Debug|Any CPU
		{DBF1DFB8-00DA-4DA3-AC10-B2ED595BD298}.Debug|Any CPU.Build.0 = Debug|Any CPU
		{DBF1DFB8-00DA-4DA3-AC10-B2ED595BD298}.Release|Any CPU.ActiveCfg = Release|Any CPU
		{DBF1DFB8-00DA-4DA3-AC10-B2ED595BD298}.Release|Any CPU.Build.0 = Release|Any CPU
		{DE8FC63B-1B2B-4A04-9A88-3AA3CD1EB456}.Debug|Any CPU.ActiveCfg = Debug|Any CPU
		{DE8FC63B-1B2B-4A04-9A88-3AA3CD1EB456}.Debug|Any CPU.Build.0 = Debug|Any CPU
		{DE8FC63B-1B2B-4A04-9A88-3AA3CD1EB456}.Release|Any CPU.ActiveCfg = Release|Any CPU
		{DE8FC63B-1B2B-4A04-9A88-3AA3CD1EB456}.Release|Any CPU.Build.0 = Release|Any CPU
		{F0D702FD-2C0C-4F45-82CE-B52B87F8737D}.Debug|Any CPU.ActiveCfg = Debug|Any CPU
		{F0D702FD-2C0C-4F45-82CE-B52B87F8737D}.Debug|Any CPU.Build.0 = Debug|Any CPU
		{F0D702FD-2C0C-4F45-82CE-B52B87F8737D}.Release|Any CPU.ActiveCfg = Release|Any CPU
		{F0D702FD-2C0C-4F45-82CE-B52B87F8737D}.Release|Any CPU.Build.0 = Release|Any CPU
		{F803B351-B368-4772-A2F4-0FA7E9FC1D12}.Debug|Any CPU.ActiveCfg = Debug|Any CPU
		{F803B351-B368-4772-A2F4-0FA7E9FC1D12}.Debug|Any CPU.Build.0 = Debug|Any CPU
		{F803B351-B368-4772-A2F4-0FA7E9FC1D12}.Release|Any CPU.ActiveCfg = Release|Any CPU
		{F803B351-B368-4772-A2F4-0FA7E9FC1D12}.Release|Any CPU.Build.0 = Release|Any CPU
	EndGlobalSection
	GlobalSection(NestedProjects) = preSolution
		{4AFB86A7-5672-48A6-94CA-DE42958C64A0} = {295A1E02-D42E-406A-829E-1359F647F3CC}
		{B53A4EBD-2718-444A-B6B1-E6EA5ADD0284} = {295A1E02-D42E-406A-829E-1359F647F3CC}
		{40690EE5-99DD-4119-9F51-F9F17ED747ED} = {295A1E02-D42E-406A-829E-1359F647F3CC}
		{F803B351-B368-4772-A2F4-0FA7E9FC1D12} = {295A1E02-D42E-406A-829E-1359F647F3CC}
		{1CE2F135-C483-44EF-B9B4-97C737B47CE9} = {295A1E02-D42E-406A-829E-1359F647F3CC}
		{1F6180CD-5C6F-4752-A806-A6453151C7CE} = {20DDEC8F-C633-44AC-8333-A20BFADD614B}
		{217CE7CC-8BDF-4732-90BC-A6D4876DA24C} = {20DDEC8F-C633-44AC-8333-A20BFADD614B}
		{DBF1DFB8-00DA-4DA3-AC10-B2ED595BD298} = {20DDEC8F-C633-44AC-8333-A20BFADD614B}
		{D9410118-5AF2-4027-907D-8845F2D2F6C4} = {20DDEC8F-C633-44AC-8333-A20BFADD614B}
		{AC6DC7D6-5AA4-4AE0-9B64-82DF2B9E57BD} = {20DDEC8F-C633-44AC-8333-A20BFADD614B}
		{6CE715BF-C2F7-4078-98D0-3B6F605B6AC9} = {5B32A6B6-8B51-4B4F-A7A0-C81BFEBDF172}
		{DE8FC63B-1B2B-4A04-9A88-3AA3CD1EB456} = {5B32A6B6-8B51-4B4F-A7A0-C81BFEBDF172}
		{9BEDCE07-4FB4-49AF-A2BE-D4F0F79F8141} = {5B32A6B6-8B51-4B4F-A7A0-C81BFEBDF172}
	EndGlobalSection
	GlobalSection(MonoDevelopProperties) = preSolution
		Policies = $0
		$0.TextStylePolicy = $1
		$1.inheritsSet = VisualStudio
		$1.inheritsScope = text/plain
		$1.scope = text/x-csharp
		$0.CSharpFormattingPolicy = $2
		$2.IndentSwitchBody = True
		$2.IndentBlocksInsideExpressions = True
		$2.AnonymousMethodBraceStyle = NextLine
		$2.PropertyBraceStyle = NextLine
		$2.PropertyGetBraceStyle = NextLine
		$2.PropertySetBraceStyle = NextLine
		$2.EventBraceStyle = NextLine
		$2.EventAddBraceStyle = NextLine
		$2.EventRemoveBraceStyle = NextLine
		$2.StatementBraceStyle = NextLine
		$2.ElseNewLinePlacement = NewLine
		$2.CatchNewLinePlacement = NewLine
		$2.FinallyNewLinePlacement = NewLine
		$2.WhileNewLinePlacement = DoNotCare
		$2.ArrayInitializerWrapping = DoNotChange
		$2.ArrayInitializerBraceStyle = NextLine
		$2.BeforeMethodDeclarationParentheses = False
		$2.BeforeMethodCallParentheses = False
		$2.BeforeConstructorDeclarationParentheses = False
		$2.NewLineBeforeConstructorInitializerColon = NewLine
		$2.NewLineAfterConstructorInitializerColon = SameLine
		$2.BeforeDelegateDeclarationParentheses = False
		$2.NewParentheses = False
		$2.SpacesBeforeBrackets = False
		$2.inheritsSet = Mono
		$2.inheritsScope = text/x-csharp
		$2.scope = text/x-csharp
	EndGlobalSection
EndGlobal
